
Microsoft Visual Studio Solution File, Format Version 12.00
# Visual Studio 14
VisualStudioVersion = 14.0.22823.1
MinimumVisualStudioVersion = 10.0.40219.1
Project("{FAE04EC0-301F-11D3-BF4B-00C04F79EFBC}") = "Handframe", "Handframe\Handframe.csproj", "{B60C74C0-DAAD-41CF-959D-4F22607DB522}"
EndProject
Project("{FAE04EC0-301F-11D3-BF4B-00C04F79EFBC}") = "Test", "Test\Test.csproj", "{72B06D98-8788-4DD1-ADD3-622FEDB19CC0}"
EndProject
Global
	GlobalSection(SolutionConfigurationPlatforms) = preSolution
		Debug|Any CPU = Debug|Any CPU
		Release|Any CPU = Release|Any CPU
	EndGlobalSection
	GlobalSection(ProjectConfigurationPlatforms) = postSolution
		{B60C74C0-DAAD-41CF-959D-4F22607DB522}.Debug|Any CPU.ActiveCfg = Debug|Any CPU
		{B60C74C0-DAAD-41CF-959D-4F22607DB522}.Debug|Any CPU.Build.0 = Debug|Any CPU
		{B60C74C0-DAAD-41CF-959D-4F22607DB522}.Release|Any CPU.ActiveCfg = Release|Any CPU
		{B60C74C0-DAAD-41CF-959D-4F22607DB522}.Release|Any CPU.Build.0 = Release|Any CPU
		{72B06D98-8788-4DD1-ADD3-622FEDB19CC0}.Debug|Any CPU.ActiveCfg = Debug|Any CPU
		{72B06D98-8788-4DD1-ADD3-622FEDB19CC0}.Debug|Any CPU.Build.0 = Debug|Any CPU
		{72B06D98-8788-4DD1-ADD3-622FEDB19CC0}.Release|Any CPU.ActiveCfg = Release|Any CPU
		{72B06D98-8788-4DD1-ADD3-622FEDB19CC0}.Release|Any CPU.Build.0 = Release|Any CPU
	EndGlobalSection
	GlobalSection(SolutionProperties) = preSolution
		HideSolutionNode = FALSE
	EndGlobalSection
EndGlobal
